{
  "applinks": {
    "apps": [],
    "details": [
      {
        "appID": "DXG99AV59K.com.koleks92.dishdate",
        "paths": [
          "/join-game*",
          "/"
        ]
      }
    ]
  },
  "activitycontinuation": {
    "apps": [
      "DXG99AV59K.com.koleks92.dishdate"
    ]
  },
  "webcredentials": {
    "apps": [
      "DXG99AV59K.com.koleks92.dishdate"
    ]
  }
}
